
Microsoft Visual Studio Solution File, Format Version 12.00
# Visual Studio Version 17
VisualStudioVersion = 17.11.35303.130
MinimumVisualStudioVersion = 10.0.40219.1
Project("{FAE04EC0-301F-11D3-BF4B-00C04F79EFBC}") = "GameDevProject", "GameDevProject\GameDevProject.csproj", "{2F009243-C631-4CC1-8483-3C8B14DE1EED}"
EndProject
Global
	GlobalSection(SolutionConfigurationPlatforms) = preSolution
		Debug|Any CPU = Debug|Any CPU
		Release|Any CPU = Release|Any CPU
	EndGlobalSection
	GlobalSection(ProjectConfigurationPlatforms) = postSolution
		{2F009243-C631-4CC1-8483-3C8B14DE1EED}.Debug|Any CPU.ActiveCfg = Debug|Any CPU
		{2F009243-C631-4CC1-8483-3C8B14DE1EED}.Debug|Any CPU.Build.0 = Debug|Any CPU
		{2F009243-C631-4CC1-8483-3C8B14DE1EED}.Release|Any CPU.ActiveCfg = Release|Any CPU
		{2F009243-C631-4CC1-8483-3C8B14DE1EED}.Release|Any CPU.Build.0 = Release|Any CPU
	EndGlobalSection
	GlobalSection(SolutionProperties) = preSolution
		HideSolutionNode = FALSE
	EndGlobalSection
	GlobalSection(ExtensibilityGlobals) = postSolution
		SolutionGuid = {F7F27A8C-2613-408E-82B4-F0C56F395673}
	EndGlobalSection
EndGlobal
